
Microsoft Visual Studio Solution File, Format Version 12.00
# Visual Studio Version 17
VisualStudioVersion = 17.6.33723.286
MinimumVisualStudioVersion = 10.0.40219.1
Project("{9A19103F-16F7-4668-BE54-9A1E7A4F7556}") = "MortgageCalculator", "MortgageCalculator\MortgageCalculator.csproj", "{E9C2FBB2-AEFD-42A9-BEC3-9A800892734A}"
EndProject
Project("{9A19103F-16F7-4668-BE54-9A1E7A4F7556}") = "MortgageCalculator.SharedLogic", "MortgageCalculator.SharedLogic\MortgageCalculator.SharedLogic.csproj", "{4E840D9B-A9F9-482A-B314-55F4EA0059CF}"
EndProject
Project("{9A19103F-16F7-4668-BE54-9A1E7A4F7556}") = "MortgageCalculator.SharedLogic.Tests", "MortgageCalculator.SharedLogic.Tests\MortgageCalculator.SharedLogic.Tests.csproj", "{4E609B7E-A43F-426F-98A6-E91286548FAE}"
EndProject
Project("{FAE04EC0-301F-11D3-BF4B-00C04F79EFBC}") = "MortgageCalculatorWebApp", "MortgageCalculatorWebApp\MortgageCalculatorWebApp.csproj", "{4816237D-2CDB-437D-B0FF-3A1C6A6349A8}"
EndProject
Global
	GlobalSection(SolutionConfigurationPlatforms) = preSolution
		Debug|Any CPU = Debug|Any CPU
		Release|Any CPU = Release|Any CPU
	EndGlobalSection
	GlobalSection(ProjectConfigurationPlatforms) = postSolution
		{E9C2FBB2-AEFD-42A9-BEC3-9A800892734A}.Debug|Any CPU.ActiveCfg = Debug|Any CPU
		{E9C2FBB2-AEFD-42A9-BEC3-9A800892734A}.Debug|Any CPU.Build.0 = Debug|Any CPU
		{E9C2FBB2-AEFD-42A9-BEC3-9A800892734A}.Release|Any CPU.ActiveCfg = Release|Any CPU
		{E9C2FBB2-AEFD-42A9-BEC3-9A800892734A}.Release|Any CPU.Build.0 = Release|Any CPU
		{4E840D9B-A9F9-482A-B314-55F4EA0059CF}.Debug|Any CPU.ActiveCfg = Debug|Any CPU
		{4E840D9B-A9F9-482A-B314-55F4EA0059CF}.Debug|Any CPU.Build.0 = Debug|Any CPU
		{4E840D9B-A9F9-482A-B314-55F4EA0059CF}.Release|Any CPU.ActiveCfg = Release|Any CPU
		{4E840D9B-A9F9-482A-B314-55F4EA0059CF}.Release|Any CPU.Build.0 = Release|Any CPU
		{4E609B7E-A43F-426F-98A6-E91286548FAE}.Debug|Any CPU.ActiveCfg = Debug|Any CPU
		{4E609B7E-A43F-426F-98A6-E91286548FAE}.Debug|Any CPU.Build.0 = Debug|Any CPU
		{4E609B7E-A43F-426F-98A6-E91286548FAE}.Release|Any CPU.ActiveCfg = Release|Any CPU
		{4E609B7E-A43F-426F-98A6-E91286548FAE}.Release|Any CPU.Build.0 = Release|Any CPU
		{4816237D-2CDB-437D-B0FF-3A1C6A6349A8}.Debug|Any CPU.ActiveCfg = Debug|Any CPU
		{4816237D-2CDB-437D-B0FF-3A1C6A6349A8}.Debug|Any CPU.Build.0 = Debug|Any CPU
		{4816237D-2CDB-437D-B0FF-3A1C6A6349A8}.Release|Any CPU.ActiveCfg = Release|Any CPU
		{4816237D-2CDB-437D-B0FF-3A1C6A6349A8}.Release|Any CPU.Build.0 = Release|Any CPU
	EndGlobalSection
	GlobalSection(SolutionProperties) = preSolution
		HideSolutionNode = FALSE
	EndGlobalSection
	GlobalSection(ExtensibilityGlobals) = postSolution
		SolutionGuid = {F3116F27-A17D-4E20-9486-DCBA7BEF00AD}
	EndGlobalSection
EndGlobal
